github.com/jpoz/glitch v0.0.0-20180920181737-06b2670973c7 h1:LxlnTlILFp56AmVpHt+7Q338Uv+5DsncWBTUboMz/tU=
github.com/jpoz/glitch v0.0.0-20180920181737-06b2670973c7/go.mod h1:Msk5VVNuYbFLMEiW35hguFZBB7zUvEZd3/il6QCDGUQ=
github.com/lucasb-eyer/go-colorful v1.2.0 h1:1nnpGOrhyZZuNyfu1QjKiUICQ74+3FNCN69Aj6K7nkY=
github.com/lucasb-eyer/go-colorful v1.2.0/go.mod h1:R4dSotOR9KMtayYi1e77YzuveK+i7ruzyGqttikkLy0=
